{
  "requires": true,
  "lockfileVersion": 1,
  "dependencies": {
    "@angular/animations": {
      "version": "5.1.1",
      "resolved": "https://registry.npmjs.org/@angular/animations/-/animations-5.1.1.tgz",
      "integrity": "sha512-PHLBWDnAzr5b5l52pk5ZYmv/6m0YUe2ICwu5dmbS0d8Kf5dXadMphAWCDbljMF+djGyZeFq2/dQ/t7ygYl3YuA==",
      "requires": {
        "tslib": "1.8.1"
      }
    },
    "@angular/cdk": {
      "version": "5.0.1",
      "resolved": "https://registry.npmjs.org/@angular/cdk/-/cdk-5.0.1.tgz",
      "integrity": "sha512-uK4Vyaf06J8KqePzq35BxMHRGolt35EnbZf9wjCs7eYaghbQ7Pk2xUGoynu5Lj1wAOn5N1/C1nT2/aAH/EE2rw==",
      "requires": {
        "tslib": "1.8.1"
      }
    },
    "@angular/material": {
      "version": "5.0.1",
      "resolved": "https://registry.npmjs.org/@angular/material/-/material-5.0.1.tgz",
      "integrity": "sha512-k95i58ZIVneLE61a5JliM10NSasy9P5C2JJUESo3s/rxt9dq/9XOWpUvNCy49OHYBRFJBlsyrLM6E2V7/tmq4w==",
      "requires": {
        "tslib": "1.8.1"
      }
    },
    "hammerjs": {
      "version": "2.0.8",
      "resolved": "https://registry.npmjs.org/hammerjs/-/hammerjs-2.0.8.tgz",
      "integrity": "sha1-BO93hiz/K7edMPdpIJWTAiK/YPE="
    },
    "tslib": {
      "version": "1.8.1",
      "resolved": "https://registry.npmjs.org/tslib/-/tslib-1.8.1.tgz",
      "integrity": "sha1-aUavLR1lGnsYY7Ux1uWvpBqkTqw="
    }
  }
}
